%{
  "ex_unit_notifier": {:hex, :ex_unit_notifier, "1.1.0", "a4d1a027d975a2ba84cec60200e3cb095fe1de6c6b63091ca0880e83830b09bb", [:mix], [], "hexpm", "12d78f3a62c521ee4c9f18bd01ea3b960a3200d5ca21a383b0707f4228486c4e"},
  "file_system": {:hex, :file_system, "0.2.10", "fb082005a9cd1711c05b5248710f8826b02d7d1784e7c3451f9c1231d4fc162d", [:mix], [], "hexpm", "41195edbfb562a593726eda3b3e8b103a309b733ad25f3d642ba49696bf715dc"},
  "fs": {:hex, :fs, "6.12.0", "c274afcb5e74c4bcc4ed8f608d6df7d01786638acb768bd847e8f6bd2b123fae", [:rebar3], [{:mix_rebar3, "~> 0.1", [hex: :mix_rebar3, repo: "hexpm", optional: false]}], "hexpm", "4ab6aad63164e4d03b3d3bbc9ff20745568887c5f7b9377074298e6215ccb281"},
  "mix_rebar3": {:hex, :mix_rebar3, "0.2.0", "b33656ef3047f21a19fac3254cb30a1d2c75ea419a3ad28c4b88f42c62a4202d", [:mix], [], "hexpm", "11eabb70c0a7ead9aa3631f048c3d7d5e868172b87b6493d0dc6f6d591c1afae"},
  "mix_test_interactive": {:hex, :mix_test_interactive, "1.0.1", "8202ea171e69f8c12bd050981a052d70bec58f6ad8443b4bd8cd23cb11ed6747", [:mix], [{:file_system, "~> 0.2", [hex: :file_system, repo: "hexpm", optional: false]}, {:typed_struct, "~> 0.2.1", [hex: :typed_struct, repo: "hexpm", optional: false]}], "hexpm", "aaee7d3b62615457f422f7f9ed6a31f7f081a70c92c32df46eda4df4cf42bade"},
  "typed_struct": {:hex, :typed_struct, "0.2.1", "e1993414c371f09ff25231393b6430bd89d780e2a499ae3b2d2b00852f593d97", [:mix], [], "hexpm", "8f5218c35ec38262f627b2c522542f1eae41f625f92649c0af701a6fab2e11b3"},
}
